// !$*UTF8*$!
{
	archiveVersion = 1;
	classes = {
	};
	objectVersion = 46;
	objects = {

/* Begin PBXBuildFile section */
		3273A2AE1C3B18E2004CD0D0 /* main.m in Sources */ = {isa = PBXBuildFile; fileRef = 3273A2AD1C3B18E2004CD0D0 /* main.m */; };
		3273A2B11C3B18E2004CD0D0 /* AppDelegate.m in Sources */ = {isa = PBXBuildFile; fileRef = 3273A2B01C3B18E2004CD0D0 /* AppDelegate.m */; };
		3273A2B41C3B18E2004CD0D0 /* ViewController.m in Sources */ = {isa = PBXBuildFile; fileRef = 3273A2B31C3B18E2004CD0D0 /* ViewController.m */; };
		3273A2B71C3B18E2004CD0D0 /* Main.storyboard in Resources */ = {isa = PBXBuildFile; fileRef = 3273A2B51C3B18E2004CD0D0 /* Main.storyboard */; };
		3273A2B91C3B18E2004CD0D0 /* Images.xcassets in Resources */ = {isa = PBXBuildFile; fileRef = 3273A2B81C3B18E2004CD0D0 /* Images.xcassets */; };
		3273A2BC1C3B18E2004CD0D0 /* LaunchScreen.xib in Resources */ = {isa = PBXBuildFile; fileRef = 3273A2BA1C3B18E2004CD0D0 /* LaunchScreen.xib */; };
		3273A2C81C3B18E2004CD0D0 /* CoffeeFindrTests.m in Sources */ = {isa = PBXBuildFile; fileRef = 3273A2C71C3B18E2004CD0D0 /* CoffeeFindrTests.m */; };
		3273A2D21C3B1A99004CD0D0 /* CoreLocation.framework in Frameworks */ = {isa = PBXBuildFile; fileRef = 3273A2D11C3B1A99004CD0D0 /* CoreLocation.framework */; };
		3273A2D41C3B1A9F004CD0D0 /* MapKit.framework in Frameworks */ = {isa = PBXBuildFile; fileRef = 3273A2D31C3B1A9F004CD0D0 /* MapKit.framework */; };
/* End PBXBuildFile section */

/* Begin PBXContainerItemProxy section */
		3273A2C21C3B18E2004CD0D0 /* PBXContainerItemProxy */ = {
			isa = PBXContainerItemProxy;
			containerPortal = 3273A2A01C3B18E2004CD0D0 /* Project object */;
			proxyType = 1;
			remoteGlobalIDString = 3273A2A71C3B18E2004CD0D0;
			remoteInfo = CoffeeFindr;
		};
/* End PBXContainerItemProxy section */

/* Begin PBXFileReference section */
		3273A2A81C3B18E2004CD0D0 /* CoffeeFindr.app */ = {isa = PBXFileReference; explicitFileType = wrapper.application; includeInIndex = 0; path = CoffeeFindr.app; sourceTree = BUILT_PRODUCTS_DIR; };
		3273A2AC1C3B18E2004CD0D0 /* Info.plist */ = {isa = PBXFileReference; lastKnownFileType = text.plist.xml; path = Info.plist; sourceTree = "<group>"; };
		3273A2AD1C3B18E2004CD0D0 /* main.m */ = {isa = PBXFileReference; lastKnownFileType = sourcecode.c.objc; path = main.m; sourceTree = "<group>"; };
		3273A2AF1C3B18E2004CD0D0 /* AppDelegate.h */ = {isa = PBXFileReference; lastKnownFileType = sourcecode.c.h; path = AppDelegate.h; sourceTree = "<group>"; };
		3273A2B01C3B18E2004CD0D0 /* AppDelegate.m */ = {isa = PBXFileReference; lastKnownFileType = sourcecode.c.objc; path = AppDelegate.m; sourceTree = "<group>"; };
		3273A2B21C3B18E2004CD0D0 /* ViewController.h */ = {isa = PBXFileReference; lastKnownFileType = sourcecode.c.h; path = ViewController.h; sourceTree = "<group>"; };
		3273A2B31C3B18E2004CD0D0 /* ViewController.m */ = {isa = PBXFileReference; lastKnownFileType = sourcecode.c.objc; path = ViewController.m; sourceTree = "<group>"; };
		3273A2B61C3B18E2004CD0D0 /* Base */ = {isa = PBXFileReference; lastKnownFileType = file.storyboard; name = Base; path = Base.lproj/Main.storyboard; sourceTree = "<group>"; };
		3273A2B81C3B18E2004CD0D0 /* Images.xcassets */ = {isa = PBXFileReference; lastKnownFileType = folder.assetcatalog; path = Images.xcassets; sourceTree = "<group>"; };
		3273A2BB1C3B18E2004CD0D0 /* Base */ = {isa = PBXFileReference; lastKnownFileType = file.xib; name = Base; path = Base.lproj/LaunchScreen.xib; sourceTree = "<group>"; };
		3273A2C11C3B18E2004CD0D0 /* CoffeeFindrTests.xctest */ = {isa = PBXFileReference; explicitFileType = wrapper.cfbundle; includeInIndex = 0; path = CoffeeFindrTests.xctest; sourceTree = BUILT_PRODUCTS_DIR; };
		3273A2C61C3B18E2004CD0D0 /* Info.plist */ = {isa = PBXFileReference; lastKnownFileType = text.plist.xml; path = Info.plist; sourceTree = "<group>"; };
		3273A2C71C3B18E2004CD0D0 /* CoffeeFindrTests.m */ = {isa = PBXFileReference; lastKnownFileType = sourcecode.c.objc; path = CoffeeFindrTests.m; sourceTree = "<group>"; };
		3273A2D11C3B1A99004CD0D0 /* CoreLocation.framework */ = {isa = PBXFileReference; lastKnownFileType = wrapper.framework; name = CoreLocation.framework; path = System/Library/Frameworks/CoreLocation.framework; sourceTree = SDKROOT; };
		3273A2D31C3B1A9F004CD0D0 /* MapKit.framework */ = {isa = PBXFileReference; lastKnownFileType = wrapper.framework; name = MapKit.framework; path = System/Library/Frameworks/MapKit.framework; sourceTree = SDKROOT; };
/* End PBXFileReference section */

/* Begin PBXFrameworksBuildPhase section */
		3273A2A51C3B18E2004CD0D0 /* Frameworks */ = {
			isa = PBXFrameworksBuildPhase;
			buildActionMask = 2147483647;
			files = (
				3273A2D41C3B1A9F004CD0D0 /* MapKit.framework in Frameworks */,
				3273A2D21C3B1A99004CD0D0 /* CoreLocation.framework in Frameworks */,
			);
			runOnlyForDeploymentPostprocessing = 0;
		};
		3273A2BE1C3B18E2004CD0D0 /* Frameworks */ = {
			isa = PBXFrameworksBuildPhase;
			buildActionMask = 2147483647;
			files = (
			);
			runOnlyForDeploymentPostprocessing = 0;
		};
/* End PBXFrameworksBuildPhase section */

/* Begin PBXGroup section */
		3273A29F1C3B18E2004CD0D0 = {
			isa = PBXGroup;
			children = (
				3273A2D31C3B1A9F004CD0D0 /* MapKit.framework */,
				3273A2D11C3B1A99004CD0D0 /* CoreLocation.framework */,
				3273A2AA1C3B18E2004CD0D0 /* CoffeeFindr */,
				3273A2C41C3B18E2004CD0D0 /* CoffeeFindrTests */,
				3273A2A91C3B18E2004CD0D0 /* Products */,
			);
			sourceTree = "<group>";
		};
		3273A2A91C3B18E2004CD0D0 /* Products */ = {
			isa = PBXGroup;
			children = (
				3273A2A81C3B18E2004CD0D0 /* CoffeeFindr.app */,
				3273A2C11C3B18E2004CD0D0 /* CoffeeFindrTests.xctest */,
			);
			name = Products;
			sourceTree = "<group>";
		};
		3273A2AA1C3B18E2004CD0D0 /* CoffeeFindr */ = {
			isa = PBXGroup;
			children = (
				3273A2AF1C3B18E2004CD0D0 /* AppDelegate.h */,
				3273A2B01C3B18E2004CD0D0 /* AppDelegate.m */,
				3273A2B21C3B18E2004CD0D0 /* ViewController.h */,
				3273A2B31C3B18E2004CD0D0 /* ViewController.m */,
				3273A2B51C3B18E2004CD0D0 /* Main.storyboard */,
				3273A2B81C3B18E2004CD0D0 /* Images.xcassets */,
				3273A2BA1C3B18E2004CD0D0 /* LaunchScreen.xib */,
				3273A2AB1C3B18E2004CD0D0 /* Supporting Files */,
			);
			path = CoffeeFindr;
			sourceTree = "<group>";
		};
		3273A2AB1C3B18E2004CD0D0 /* Supporting Files */ = {
			isa = PBXGroup;
			children = (
				3273A2AC1C3B18E2004CD0D0 /* Info.plist */,
				3273A2AD1C3B18E2004CD0D0 /* main.m */,
			);
			name = "Supporting Files";
			sourceTree = "<group>";
		};
		3273A2C41C3B18E2004CD0D0 /* CoffeeFindrTests */ = {
			isa = PBXGroup;
			children = (
				3273A2C71C3B18E2004CD0D0 /* CoffeeFindrTests.m */,
				3273A2C51C3B18E2004CD0D0 /* Supporting Files */,
			);
			path = CoffeeFindrTests;
			sourceTree = "<group>";
		};
		3273A2C51C3B18E2004CD0D0 /* Supporting Files */ = {
			isa = PBXGroup;
			children = (
				3273A2C61C3B18E2004CD0D0 /* Info.plist */,
			);
			name = "Supporting Files";
			sourceTree = "<group>";
		};
/* End PBXGroup section */

/* Begin PBXNativeTarget section */
		3273A2A71C3B18E2004CD0D0 /* CoffeeFindr */ = {
			isa = PBXNativeTarget;
			buildConfigurationList = 3273A2CB1C3B18E2004CD0D0 /* Build configuration list for PBXNativeTarget "CoffeeFindr" */;
			buildPhases = (
				3273A2A41C3B18E2004CD0D0 /* Sources */,
				3273A2A51C3B18E2004CD0D0 /* Frameworks */,
				3273A2A61C3B18E2004CD0D0 /* Resources */,
			);
			buildRules = (
			);
			dependencies = (
			);
			name = CoffeeFindr;
			productName = CoffeeFindr;
			productReference = 3273A2A81C3B18E2004CD0D0 /* CoffeeFindr.app */;
			productType = "com.apple.product-type.application";
		};
		3273A2C01C3B18E2004CD0D0 /* CoffeeFindrTests */ = {
			isa = PBXNativeTarget;
			buildConfigurationList = 3273A2CE1C3B18E2004CD0D0 /* Build configuration list for PBXNativeTarget "CoffeeFindrTests" */;
			buildPhases = (
				3273A2BD1C3B18E2004CD0D0 /* Sources */,
				3273A2BE1C3B18E2004CD0D0 /* Frameworks */,
				3273A2BF1C3B18E2004CD0D0 /* Resources */,
			);
			buildRules = (
			);
			dependencies = (
				3273A2C31C3B18E2004CD0D0 /* PBXTargetDependency */,
			);
			name = CoffeeFindrTests;
			productName = CoffeeFindrTests;
			productReference = 3273A2C11C3B18E2004CD0D0 /* CoffeeFindrTests.xctest */;
			productType = "com.apple.product-type.bundle.unit-test";
		};
/* End PBXNativeTarget section */

/* Begin PBXProject section */
		3273A2A01C3B18E2004CD0D0 /* Project object */ = {
			isa = PBXProject;
			attributes = {
				LastUpgradeCheck = 0630;
				ORGANIZATIONNAME = "Rafael Auriemo";
				TargetAttributes = {
					3273A2A71C3B18E2004CD0D0 = {
						CreatedOnToolsVersion = 6.3.1;
					};
					3273A2C01C3B18E2004CD0D0 = {
						CreatedOnToolsVersion = 6.3.1;
						TestTargetID = 3273A2A71C3B18E2004CD0D0;
					};
				};
			};
			buildConfigurationList = 3273A2A31C3B18E2004CD0D0 /* Build configuration list for PBXProject "CoffeeFindr" */;
			compatibilityVersion = "Xcode 3.2";
			developmentRegion = English;
			hasScannedForEncodings = 0;
			knownRegions = (
				en,
				Base,
			);
			mainGroup = 3273A29F1C3B18E2004CD0D0;
			productRefGroup = 3273A2A91C3B18E2004CD0D0 /* Products */;
			projectDirPath = "";
			projectRoot = "";
			targets = (
				3273A2A71C3B18E2004CD0D0 /* CoffeeFindr */,
				3273A2C01C3B18E2004CD0D0 /* CoffeeFindrTests */,
			);
		};
/* End PBXProject section */

/* Begin PBXResourcesBuildPhase section */
		3273A2A61C3B18E2004CD0D0 /* Resources */ = {
			isa = PBXResourcesBuildPhase;
			buildActionMask = 2147483647;
			files = (
				3273A2B71C3B18E2004CD0D0 /* Main.storyboard in Resources */,
				3273A2BC1C3B18E2004CD0D0 /* LaunchScreen.xib in Resources */,
				3273A2B91C3B18E2004CD0D0 /* Images.xcassets in Resources */,
			);
			runOnlyForDeploymentPostprocessing = 0;
		};
		3273A2BF1C3B18E2004CD0D0 /* Resources */ = {
			isa = PBXResourcesBuildPhase;
			buildActionMask = 2147483647;
			files = (
			);
			runOnlyForDeploymentPostprocessing = 0;
		};
/* End PBXResourcesBuildPhase section */

/* Begin PBXSourcesBuildPhase section */
		3273A2A41C3B18E2004CD0D0 /* Sources */ = {
			isa = PBXSourcesBuildPhase;
			buildActionMask = 2147483647;
			files = (
				3273A2B41C3B18E2004CD0D0 /* ViewController.m in Sources */,
				3273A2B11C3B18E2004CD0D0 /* AppDelegate.m in Sources */,
				3273A2AE1C3B18E2004CD0D0 /* main.m in Sources */,
			);
			runOnlyForDeploymentPostprocessing = 0;
		};
		3273A2BD1C3B18E2004CD0D0 /* Sources */ = {
			isa = PBXSourcesBuildPhase;
			buildActionMask = 2147483647;
			files = (
				3273A2C81C3B18E2004CD0D0 /* CoffeeFindrTests.m in Sources */,
			);
			runOnlyForDeploymentPostprocessing = 0;
		};
/* End PBXSourcesBuildPhase section */

/* Begin PBXTargetDependency section */
		3273A2C31C3B18E2004CD0D0 /* PBXTargetDependency */ = {
			isa = PBXTargetDependency;
			target = 3273A2A71C3B18E2004CD0D0 /* CoffeeFindr */;
			targetProxy = 3273A2C21C3B18E2004CD0D0 /* PBXContainerItemProxy */;
		};
/* End PBXTargetDependency section */

/* Begin PBXVariantGroup section */
		3273A2B51C3B18E2004CD0D0 /* Main.storyboard */ = {
			isa = PBXVariantGroup;
			children = (
				3273A2B61C3B18E2004CD0D0 /* Base */,
			);
			name = Main.storyboard;
			sourceTree = "<group>";
		};
		3273A2BA1C3B18E2004CD0D0 /* LaunchScreen.xib */ = {
			isa = PBXVariantGroup;
			children = (
				3273A2BB1C3B18E2004CD0D0 /* Base */,
			);
			name = LaunchScreen.xib;
			sourceTree = "<group>";
		};
/* End PBXVariantGroup section */

/* Begin XCBuildConfiguration section */
		3273A2C91C3B18E2004CD0D0 /* Debug */ = {
			isa = XCBuildConfiguration;
			buildSettings = {
				ALWAYS_SEARCH_USER_PATHS = NO;
				CLANG_CXX_LANGUAGE_STANDARD = "gnu++0x";
				CLANG_CXX_LIBRARY = "libc++";
				CLANG_ENABLE_MODULES = YES;
				CLANG_ENABLE_OBJC_ARC = YES;
				CLANG_WARN_BOOL_CONVERSION = YES;
				CLANG_WARN_CONSTANT_CONVERSION = YES;
				CLANG_WARN_DIRECT_OBJC_ISA_USAGE = YES_ERROR;
				CLANG_WARN_EMPTY_BODY = YES;
				CLANG_WARN_ENUM_CONVERSION = YES;
				CLANG_WARN_INT_CONVERSION = YES;
				CLANG_WARN_OBJC_ROOT_CLASS = YES_ERROR;
				CLANG_WARN_UNREACHABLE_CODE = YES;
				CLANG_WARN__DUPLICATE_METHOD_MATCH = YES;
				"CODE_SIGN_IDENTITY[sdk=iphoneos*]" = "iPhone Developer";
				COPY_PHASE_STRIP = NO;
				DEBUG_INFORMATION_FORMAT = "dwarf-with-dsym";
				ENABLE_STRICT_OBJC_MSGSEND = YES;
				GCC_C_LANGUAGE_STANDARD = gnu99;
				GCC_DYNAMIC_NO_PIC = NO;
				GCC_NO_COMMON_BLOCKS = YES;
				GCC_OPTIMIZATION_LEVEL = 0;
				GCC_PREPROCESSOR_DEFINITIONS = (
					"DEBUG=1",
					"$(inherited)",
				);
				GCC_SYMBOLS_PRIVATE_EXTERN = NO;
				GCC_WARN_64_TO_32_BIT_CONVERSION = YES;
				GCC_WARN_ABOUT_RETURN_TYPE = YES_ERROR;
				GCC_WARN_UNDECLARED_SELECTOR = YES;
				GCC_WARN_UNINITIALIZED_AUTOS = YES_AGGRESSIVE;
				GCC_WARN_UNUSED_FUNCTION = YES;
				GCC_WARN_UNUSED_VARIABLE = YES;
				IPHONEOS_DEPLOYMENT_TARGET = 8.3;
				MTL_ENABLE_DEBUG_INFO = YES;
				ONLY_ACTIVE_ARCH = YES;
				SDKROOT = iphoneos;
				TARGETED_DEVICE_FAMILY = "1,2";
			};
			name = Debug;
		};
		3273A2CA1C3B18E2004CD0D0 /* Release */ = {
			isa = XCBuildConfiguration;
			buildSettings = {
				ALWAYS_SEARCH_USER_PATHS = NO;
				CLANG_CXX_LANGUAGE_STANDARD = "gnu++0x";
				CLANG_CXX_LIBRARY = "libc++";
				CLANG_ENABLE_MODULES = YES;
				CLANG_ENABLE_OBJC_ARC = YES;
				CLANG_WARN_BOOL_CONVERSION = YES;
				CLANG_WARN_CONSTANT_CONVERSION = YES;
				CLANG_WARN_DIRECT_OBJC_ISA_USAGE = YES_ERROR;
				CLANG_WARN_EMPTY_BODY = YES;
				CLANG_WARN_ENUM_CONVERSION = YES;
				CLANG_WARN_INT_CONVERSION = YES;
				CLANG_WARN_OBJC_ROOT_CLASS = YES_ERROR;
				CLANG_WARN_UNREACHABLE_CODE = YES;
				CLANG_WARN__DUPLICATE_METHOD_MATCH = YES;
				"CODE_SIGN_IDENTITY[sdk=iphoneos*]" = "iPhone Developer";
				COPY_PHASE_STRIP = NO;
				DEBUG_INFORMATION_FORMAT = "dwarf-with-dsym";
				ENABLE_NS_ASSERTIONS = NO;
				ENABLE_STRICT_OBJC_MSGSEND = YES;
				GCC_C_LANGUAGE_STANDARD = gnu99;
				GCC_NO_COMMON_BLOCKS = YES;
				GCC_WARN_64_TO_32_BIT_CONVERSION = YES;
				GCC_WARN_ABOUT_RETURN_TYPE = YES_ERROR;
				GCC_WARN_UNDECLARED_SELECTOR = YES;
				GCC_WARN_UNINITIALIZED_AUTOS = YES_AGGRESSIVE;
				GCC_WARN_UNUSED_FUNCTION = YES;
				GCC_WARN_UNUSED_VARIABLE = YES;
				IPHONEOS_DEPLOYMENT_TARGET = 8.3;
				MTL_ENABLE_DEBUG_INFO = NO;
				SDKROOT = iphoneos;
				TARGETED_DEVICE_FAMILY = "1,2";
				VALIDATE_PRODUCT = YES;
			};
			name = Release;
		};
		3273A2CC1C3B18E2004CD0D0 /* Debug */ = {
			isa = XCBuildConfiguration;
			buildSettings = {
				ASSETCATALOG_COMPILER_APPICON_NAME = AppIcon;
				INFOPLIST_FILE = CoffeeFindr/Info.plist;
				LD_RUNPATH_SEARCH_PATHS = "$(inherited) @executable_path/Frameworks";
				PRODUCT_NAME = "$(TARGET_NAME)";
			};
			name = Debug;
		};
		3273A2CD1C3B18E2004CD0D0 /* Release */ = {
			isa = XCBuildConfiguration;
			buildSettings = {
				ASSETCATALOG_COMPILER_APPICON_NAME = AppIcon;
				INFOPLIST_FILE = CoffeeFindr/Info.plist;
				LD_RUNPATH_SEARCH_PATHS = "$(inherited) @executable_path/Frameworks";
				PRODUCT_NAME = "$(TARGET_NAME)";
			};
			name = Release;
		};
		3273A2CF1C3B18E2004CD0D0 /* Debug */ = {
			isa = XCBuildConfiguration;
			buildSettings = {
				BUNDLE_LOADER = "$(TEST_HOST)";
				FRAMEWORK_SEARCH_PATHS = (
					"$(SDKROOT)/Developer/Library/Frameworks",
					"$(inherited)",
				);
				GCC_PREPROCESSOR_DEFINITIONS = (
					"DEBUG=1",
					"$(inherited)",
				);
				INFOPLIST_FILE = CoffeeFindrTests/Info.plist;
				LD_RUNPATH_SEARCH_PATHS = "$(inherited) @executable_path/Frameworks @loader_path/Frameworks";
				PRODUCT_NAME = "$(TARGET_NAME)";
				TEST_HOST = "$(BUILT_PRODUCTS_DIR)/CoffeeFindr.app/CoffeeFindr";
			};
			name = Debug;
		};
		3273A2D01C3B18E2004CD0D0 /* Release */ = {
			isa = XCBuildConfiguration;
			buildSettings = {
				BUNDLE_LOADER = "$(TEST_HOST)";
				FRAMEWORK_SEARCH_PATHS = (
					"$(SDKROOT)/Developer/Library/Frameworks",
					"$(inherited)",
				);
				INFOPLIST_FILE = CoffeeFindrTests/Info.plist;
				LD_RUNPATH_SEARCH_PATHS = "$(inherited) @executable_path/Frameworks @loader_path/Frameworks";
				PRODUCT_NAME = "$(TARGET_NAME)";
				TEST_HOST = "$(BUILT_PRODUCTS_DIR)/CoffeeFindr.app/CoffeeFindr";
			};
			name = Release;
		};
/* End XCBuildConfiguration section */

/* Begin XCConfigurationList section */
		3273A2A31C3B18E2004CD0D0 /* Build configuration list for PBXProject "CoffeeFindr" */ = {
			isa = XCConfigurationList;
			buildConfigurations = (
				3273A2C91C3B18E2004CD0D0 /* Debug */,
				3273A2CA1C3B18E2004CD0D0 /* Release */,
			);
			defaultConfigurationIsVisible = 0;
			defaultConfigurationName = Release;
		};
		3273A2CB1C3B18E2004CD0D0 /* Build configuration list for PBXNativeTarget "CoffeeFindr" */ = {
			isa = XCConfigurationList;
			buildConfigurations = (
				3273A2CC1C3B18E2004CD0D0 /* Debug */,
				3273A2CD1C3B18E2004CD0D0 /* Release */,
			);
			defaultConfigurationIsVisible = 0;
		};
		3273A2CE1C3B18E2004CD0D0 /* Build configuration list for PBXNativeTarget "CoffeeFindrTests" */ = {
			isa = XCConfigurationList;
			buildConfigurations = (
				3273A2CF1C3B18E2004CD0D0 /* Debug */,
				3273A2D01C3B18E2004CD0D0 /* Release */,
			);
			defaultConfigurationIsVisible = 0;
		};
/* End XCConfigurationList section */
	};
	rootObject = 3273A2A01C3B18E2004CD0D0 /* Project object */;
}
